
Microsoft Visual Studio Solution File, Format Version 12.00
# Visual Studio Version 17
VisualStudioVersion = 17.9.34714.143
MinimumVisualStudioVersion = 10.0.40219.1
Project("{FAE04EC0-301F-11D3-BF4B-00C04F79EFBC}") = "Endpoint", "Endpoint\Endpoint.csproj", "{EC19230B-3964-4A14-B7A2-2B24EEE3025B}"
EndProject
Project("{FAE04EC0-301F-11D3-BF4B-00C04F79EFBC}") = "Application", "Application\Application.csproj", "{D6831A8D-B23B-4645-9F40-90A180009C86}"
EndProject
Project("{FAE04EC0-301F-11D3-BF4B-00C04F79EFBC}") = "Domain", "Domain\Domain.csproj", "{E8A9CD9F-E9AE-4C00-AA99-44C4B409351A}"
EndProject
Global
	GlobalSection(SolutionConfigurationPlatforms) = preSolution
		Debug|Any CPU = Debug|Any CPU
		Release|Any CPU = Release|Any CPU
	EndGlobalSection
	GlobalSection(ProjectConfigurationPlatforms) = postSolution
		{EC19230B-3964-4A14-B7A2-2B24EEE3025B}.Debug|Any CPU.ActiveCfg = Debug|Any CPU
		{EC19230B-3964-4A14-B7A2-2B24EEE3025B}.Debug|Any CPU.Build.0 = Debug|Any CPU
		{EC19230B-3964-4A14-B7A2-2B24EEE3025B}.Release|Any CPU.ActiveCfg = Release|Any CPU
		{EC19230B-3964-4A14-B7A2-2B24EEE3025B}.Release|Any CPU.Build.0 = Release|Any CPU
	EndGlobalSection
	GlobalSection(SolutionProperties) = preSolution
		HideSolutionNode = FALSE
	EndGlobalSection
	GlobalSection(ExtensibilityGlobals) = postSolution
		SolutionGuid = {2D5B1F89-20BE-48CA-BEB5-536594230CCF}
	EndGlobalSection
EndGlobal
